
Microsoft Visual Studio Solution File, Format Version 12.00
# Visual Studio Version 16
VisualStudioVersion = 16.0.30907.101
MinimumVisualStudioVersion = 10.0.40219.1
Project("{FAE04EC0-301F-11D3-BF4B-00C04F79EFBC}") = "Exercício 2", "Exercício 2\Exercício 2.csproj", "{5E8A77F5-119F-4391-8408-F0EC85B45E4C}"
EndProject
Global
	GlobalSection(SolutionConfigurationPlatforms) = preSolution
		Debug|Any CPU = Debug|Any CPU
		Release|Any CPU = Release|Any CPU
	EndGlobalSection
	GlobalSection(ProjectConfigurationPlatforms) = postSolution
		{5E8A77F5-119F-4391-8408-F0EC85B45E4C}.Debug|Any CPU.ActiveCfg = Debug|Any CPU
		{5E8A77F5-119F-4391-8408-F0EC85B45E4C}.Debug|Any CPU.Build.0 = Debug|Any CPU
		{5E8A77F5-119F-4391-8408-F0EC85B45E4C}.Release|Any CPU.ActiveCfg = Release|Any CPU
		{5E8A77F5-119F-4391-8408-F0EC85B45E4C}.Release|Any CPU.Build.0 = Release|Any CPU
	EndGlobalSection
	GlobalSection(SolutionProperties) = preSolution
		HideSolutionNode = FALSE
	EndGlobalSection
	GlobalSection(ExtensibilityGlobals) = postSolution
		SolutionGuid = {44FB9015-18ED-4F4D-9FAB-6B090E0038F9}
	EndGlobalSection
EndGlobal
